
Microsoft Visual Studio Solution File, Format Version 12.00
# Visual Studio Version 16
VisualStudioVersion = 16.0.30523.141
MinimumVisualStudioVersion = 10.0.40219.1
Project("{FAE04EC0-301F-11D3-BF4B-00C04F79EFBC}") = "Lab Exercise 4 – ASP.Net Programming", "Lab Exercise 4 – ASP.Net Programming\Lab Exercise 4 – ASP.Net Programming.csproj", "{5398F8DE-5F92-450F-8D81-B5645E82EB19}"
EndProject
Global
	GlobalSection(SolutionConfigurationPlatforms) = preSolution
		Debug|Any CPU = Debug|Any CPU
		Release|Any CPU = Release|Any CPU
	EndGlobalSection
	GlobalSection(ProjectConfigurationPlatforms) = postSolution
		{5398F8DE-5F92-450F-8D81-B5645E82EB19}.Debug|Any CPU.ActiveCfg = Debug|Any CPU
		{5398F8DE-5F92-450F-8D81-B5645E82EB19}.Debug|Any CPU.Build.0 = Debug|Any CPU
		{5398F8DE-5F92-450F-8D81-B5645E82EB19}.Release|Any CPU.ActiveCfg = Release|Any CPU
		{5398F8DE-5F92-450F-8D81-B5645E82EB19}.Release|Any CPU.Build.0 = Release|Any CPU
	EndGlobalSection
	GlobalSection(SolutionProperties) = preSolution
		HideSolutionNode = FALSE
	EndGlobalSection
	GlobalSection(ExtensibilityGlobals) = postSolution
		SolutionGuid = {3BE2011D-79E0-44A5-BAB4-FF64C987BACE}
	EndGlobalSection
EndGlobal
